# This file is automatically @generated by Cargo.
# It is not intended for manual editing.
version = 4

[[package]]
name = "l3_real_fdb_calc_crc32_c2rust_baseline_generated"
version = "0.0.0"

[[package]]
name = "l3_real_fdb_calc_crc32_c2rust_direct_replay"
version = "0.0.0"
dependencies = [
 "l3_real_fdb_calc_crc32_c2rust_baseline_generated",
]
